
Microsoft Visual Studio Solution File, Format Version 12.00
# Visual Studio Version 17
VisualStudioVersion = 17.0.31912.275
MinimumVisualStudioVersion = 10.0.40219.1
Project("{9A19103F-16F7-4668-BE54-9A1E7A4F7556}") = "Nitride", "..\Nitride\Nitride\Nitride.csproj", "{1A45B271-A52B-4584-9E71-0D92D5F78D48}"
EndProject
Project("{9A19103F-16F7-4668-BE54-9A1E7A4F7556}") = "Nitride.EE", "..\Nitride\Nitride.EE\Nitride.EE.csproj", "{8082B9AD-E7F5-4C3A-9B94-F42FD537605C}"
EndProject
Project("{9A19103F-16F7-4668-BE54-9A1E7A4F7556}") = "Nitride.EE.FTDI", "..\Nitride\Nitride.EE.FTDI\Nitride.EE.FTDI.csproj", "{5BDA1726-4958-4690-91B4-73EA677B5152}"
EndProject
Project("{9A19103F-16F7-4668-BE54-9A1E7A4F7556}") = "Nitride.EE.WinUSB", "..\Nitride\Nitride.EE.WinUSB\Nitride.EE.WinUSB.csproj", "{55679E5B-520A-4E9E-AA3D-8B780927AB1B}"
EndProject
Project("{9A19103F-16F7-4668-BE54-9A1E7A4F7556}") = "OpenTkStudy", "OpenTkStudy\OpenTkStudy.csproj", "{C4C19C9A-30E2-4A8E-9999-C815747B54FD}"
EndProject
Global
	GlobalSection(SolutionConfigurationPlatforms) = preSolution
		Debug|x64 = Debug|x64
		Release|x64 = Release|x64
	EndGlobalSection
	GlobalSection(ProjectConfigurationPlatforms) = postSolution
		{1A45B271-A52B-4584-9E71-0D92D5F78D48}.Debug|x64.ActiveCfg = Debug|x64
		{1A45B271-A52B-4584-9E71-0D92D5F78D48}.Debug|x64.Build.0 = Debug|x64
		{1A45B271-A52B-4584-9E71-0D92D5F78D48}.Release|x64.ActiveCfg = Release|x64
		{1A45B271-A52B-4584-9E71-0D92D5F78D48}.Release|x64.Build.0 = Release|x64
		{8082B9AD-E7F5-4C3A-9B94-F42FD537605C}.Debug|x64.ActiveCfg = Debug|x64
		{8082B9AD-E7F5-4C3A-9B94-F42FD537605C}.Debug|x64.Build.0 = Debug|x64
		{8082B9AD-E7F5-4C3A-9B94-F42FD537605C}.Release|x64.ActiveCfg = Release|x64
		{8082B9AD-E7F5-4C3A-9B94-F42FD537605C}.Release|x64.Build.0 = Release|x64
		{5BDA1726-4958-4690-91B4-73EA677B5152}.Debug|x64.ActiveCfg = Debug|x64
		{5BDA1726-4958-4690-91B4-73EA677B5152}.Debug|x64.Build.0 = Debug|x64
		{5BDA1726-4958-4690-91B4-73EA677B5152}.Release|x64.ActiveCfg = Release|x64
		{5BDA1726-4958-4690-91B4-73EA677B5152}.Release|x64.Build.0 = Release|x64
		{55679E5B-520A-4E9E-AA3D-8B780927AB1B}.Debug|x64.ActiveCfg = Debug|x64
		{55679E5B-520A-4E9E-AA3D-8B780927AB1B}.Debug|x64.Build.0 = Debug|x64
		{55679E5B-520A-4E9E-AA3D-8B780927AB1B}.Release|x64.ActiveCfg = Release|x64
		{55679E5B-520A-4E9E-AA3D-8B780927AB1B}.Release|x64.Build.0 = Release|x64
		{C4C19C9A-30E2-4A8E-9999-C815747B54FD}.Debug|x64.ActiveCfg = Debug|x64
		{C4C19C9A-30E2-4A8E-9999-C815747B54FD}.Debug|x64.Build.0 = Debug|x64
		{C4C19C9A-30E2-4A8E-9999-C815747B54FD}.Release|x64.ActiveCfg = Release|x64
		{C4C19C9A-30E2-4A8E-9999-C815747B54FD}.Release|x64.Build.0 = Release|x64
	EndGlobalSection
	GlobalSection(SolutionProperties) = preSolution
		HideSolutionNode = FALSE
	EndGlobalSection
	GlobalSection(ExtensibilityGlobals) = postSolution
		SolutionGuid = {7D0C138D-3CF6-42D4-B4D9-45343D943C0A}
	EndGlobalSection
EndGlobal
